
Microsoft Visual Studio Solution File, Format Version 12.00
# Visual Studio 2012
Project("{FAE04EC0-301F-11D3-BF4B-00C04F79EFBC}") = "SatelliteEphemerisGenerationAddin", "SatelliteEphemerisGenerationAddin\SatelliteEphemerisGenerationAddin.csproj", "{BF5BDA98-9901-4267-949D-A518EA02D638}"
EndProject
Global
	GlobalSection(SolutionConfigurationPlatforms) = preSolution
		Debug|Any CPU = Debug|Any CPU
		Release|Any CPU = Release|Any CPU
	EndGlobalSection
	GlobalSection(ProjectConfigurationPlatforms) = postSolution
		{BF5BDA98-9901-4267-949D-A518EA02D638}.Debug|Any CPU.ActiveCfg = Debug|Any CPU
		{BF5BDA98-9901-4267-949D-A518EA02D638}.Debug|Any CPU.Build.0 = Debug|Any CPU
		{BF5BDA98-9901-4267-949D-A518EA02D638}.Release|Any CPU.ActiveCfg = Release|Any CPU
		{BF5BDA98-9901-4267-949D-A518EA02D638}.Release|Any CPU.Build.0 = Release|Any CPU
	EndGlobalSection
	GlobalSection(SolutionProperties) = preSolution
		HideSolutionNode = FALSE
	EndGlobalSection
EndGlobal
