
Microsoft Visual Studio Solution File, Format Version 12.00
# Visual Studio 2012
Project("{FAE04EC0-301F-11D3-BF4B-00C04F79EFBC}") = "OrderOfBattle", "OrderOfBattle\OrderOfBattle.csproj", "{B05E8071-9EFE-49DD-A2AB-033C23708617}"
EndProject
Global
	GlobalSection(SolutionConfigurationPlatforms) = preSolution
		Debug|Any CPU = Debug|Any CPU
		Release|Any CPU = Release|Any CPU
	EndGlobalSection
	GlobalSection(ProjectConfigurationPlatforms) = postSolution
		{B05E8071-9EFE-49DD-A2AB-033C23708617}.Debug|Any CPU.ActiveCfg = Debug|Any CPU
		{B05E8071-9EFE-49DD-A2AB-033C23708617}.Debug|Any CPU.Build.0 = Debug|Any CPU
		{B05E8071-9EFE-49DD-A2AB-033C23708617}.Release|Any CPU.ActiveCfg = Release|Any CPU
		{B05E8071-9EFE-49DD-A2AB-033C23708617}.Release|Any CPU.Build.0 = Release|Any CPU
	EndGlobalSection
	GlobalSection(SolutionProperties) = preSolution
		HideSolutionNode = FALSE
	EndGlobalSection
EndGlobal
