
Microsoft Visual Studio Solution File, Format Version 12.00
# Visual Studio 2012
Project("{FAE04EC0-301F-11D3-BF4B-00C04F79EFBC}") = "GroundCommunicationCoverageAddin", "GroundCommunicationCoverageAddin\GroundCommunicationCoverageAddin.csproj", "{F6B15F46-F1E9-4A57-A717-614E31AD7049}"
EndProject
Global
	GlobalSection(SolutionConfigurationPlatforms) = preSolution
		Debug|Any CPU = Debug|Any CPU
		Release|Any CPU = Release|Any CPU
	EndGlobalSection
	GlobalSection(ProjectConfigurationPlatforms) = postSolution
		{F6B15F46-F1E9-4A57-A717-614E31AD7049}.Debug|Any CPU.ActiveCfg = Debug|Any CPU
		{F6B15F46-F1E9-4A57-A717-614E31AD7049}.Debug|Any CPU.Build.0 = Debug|Any CPU
		{F6B15F46-F1E9-4A57-A717-614E31AD7049}.Release|Any CPU.ActiveCfg = Release|Any CPU
		{F6B15F46-F1E9-4A57-A717-614E31AD7049}.Release|Any CPU.Build.0 = Release|Any CPU
	EndGlobalSection
	GlobalSection(SolutionProperties) = preSolution
		HideSolutionNode = FALSE
	EndGlobalSection
EndGlobal
